// !$*UTF8*$!
{
	archiveVersion = 1;
	classes = {
	};
	objectVersion = 48;
	objects = {

/* Begin PBXBuildFile section */
		99D145821FA9B51C007B17A3 /* AppDelegate.swift in Sources */ = {isa = PBXBuildFile; fileRef = 99D145811FA9B51C007B17A3 /* AppDelegate.swift */; };
		99D145841FA9B51C007B17A3 /* ViewController.swift in Sources */ = {isa = PBXBuildFile; fileRef = 99D145831FA9B51C007B17A3 /* ViewController.swift */; };
		99D145871FA9B51C007B17A3 /* Main.storyboard in Resources */ = {isa = PBXBuildFile; fileRef = 99D145851FA9B51C007B17A3 /* Main.storyboard */; };
		99D145891FA9B51C007B17A3 /* Assets.xcassets in Resources */ = {isa = PBXBuildFile; fileRef = 99D145881FA9B51C007B17A3 /* Assets.xcassets */; };
		99D1458C1FA9B51C007B17A3 /* LaunchScreen.storyboard in Resources */ = {isa = PBXBuildFile; fileRef = 99D1458A1FA9B51C007B17A3 /* LaunchScreen.storyboard */; };
/* End PBXBuildFile section */

/* Begin PBXFileReference section */
		99D1457E1FA9B51C007B17A3 /* GifDemo.app */ = {isa = PBXFileReference; explicitFileType = wrapper.application; includeInIndex = 0; path = GifDemo.app; sourceTree = BUILT_PRODUCTS_DIR; };
		99D145811FA9B51C007B17A3 /* AppDelegate.swift */ = {isa = PBXFileReference; lastKnownFileType = sourcecode.swift; path = AppDelegate.swift; sourceTree = "<group>"; };
		99D145831FA9B51C007B17A3 /* ViewController.swift */ = {isa = PBXFileReference; lastKnownFileType = sourcecode.swift; path = ViewController.swift; sourceTree = "<group>"; };
		99D145861FA9B51C007B17A3 /* Base */ = {isa = PBXFileReference; lastKnownFileType = file.storyboard; name = Base; path = Base.lproj/Main.storyboard; sourceTree = "<group>"; };
		99D145881FA9B51C007B17A3 /* Assets.xcassets */ = {isa = PBXFileReference; lastKnownFileType = folder.assetcatalog; path = Assets.xcassets; sourceTree = "<group>"; };
		99D1458B1FA9B51C007B17A3 /* Base */ = {isa = PBXFileReference; lastKnownFileType = file.storyboard; name = Base; path = Base.lproj/LaunchScreen.storyboard; sourceTree = "<group>"; };
		99D1458D1FA9B51C007B17A3 /* Info.plist */ = {isa = PBXFileReference; lastKnownFileType = text.plist.xml; path = Info.plist; sourceTree = "<group>"; };
		99D145931FA9B57D007B17A3 /* shopping.gif */ = {isa = PBXFileReference; lastKnownFileType = image.gif; path = shopping.gif; sourceTree = "<group>"; };
/* End PBXFileReference section */

/* Begin PBXFrameworksBuildPhase section */
		99D1457B1FA9B51C007B17A3 /* Frameworks */ = {
			isa = PBXFrameworksBuildPhase;
			buildActionMask = 2147483647;
			files = (
			);
			runOnlyForDeploymentPostprocessing = 0;
		};
/* End PBXFrameworksBuildPhase section */

/* Begin PBXGroup section */
		99D145751FA9B51C007B17A3 = {
			isa = PBXGroup;
			children = (
				99D145801FA9B51C007B17A3 /* GifDemo */,
				99D1457F1FA9B51C007B17A3 /* Products */,
			);
			sourceTree = "<group>";
		};
		99D1457F1FA9B51C007B17A3 /* Products */ = {
			isa = PBXGroup;
			children = (
				99D1457E1FA9B51C007B17A3 /* GifDemo.app */,
			);
			name = Products;
			sourceTree = "<group>";
		};
		99D145801FA9B51C007B17A3 /* GifDemo */ = {
			isa = PBXGroup;
			children = (
				99D145931FA9B57D007B17A3 /* shopping.gif */,
				99D145811FA9B51C007B17A3 /* AppDelegate.swift */,
				99D145831FA9B51C007B17A3 /* ViewController.swift */,
				99D145851FA9B51C007B17A3 /* Main.storyboard */,
				99D145881FA9B51C007B17A3 /* Assets.xcassets */,
				99D1458A1FA9B51C007B17A3 /* LaunchScreen.storyboard */,
				99D1458D1FA9B51C007B17A3 /* Info.plist */,
			);
			path = GifDemo;
			sourceTree = "<group>";
		};
/* End PBXGroup section */

/* Begin PBXNativeTarget section */
		99D1457D1FA9B51C007B17A3 /* GifDemo */ = {
			isa = PBXNativeTarget;
			buildConfigurationList = 99D145901FA9B51C007B17A3 /* Build configuration list for PBXNativeTarget "GifDemo" */;
			buildPhases = (
				99D1457A1FA9B51C007B17A3 /* Sources */,
				99D1457B1FA9B51C007B17A3 /* Frameworks */,
				99D1457C1FA9B51C007B17A3 /* Resources */,
			);
			buildRules = (
			);
			dependencies = (
			);
			name = GifDemo;
			productName = GifDemo;
			productReference = 99D1457E1FA9B51C007B17A3 /* GifDemo.app */;
			productType = "com.apple.product-type.application";
		};
/* End PBXNativeTarget section */

/* Begin PBXProject section */
		99D145761FA9B51C007B17A3 /* Project object */ = {
			isa = PBXProject;
			attributes = {
				LastSwiftUpdateCheck = 0900;
				LastUpgradeCheck = 0900;
				ORGANIZATIONNAME = LongShaoDream;
				TargetAttributes = {
					99D1457D1FA9B51C007B17A3 = {
						CreatedOnToolsVersion = 9.0;
						ProvisioningStyle = Automatic;
					};
				};
			};
			buildConfigurationList = 99D145791FA9B51C007B17A3 /* Build configuration list for PBXProject "GifDemo" */;
			compatibilityVersion = "Xcode 8.0";
			developmentRegion = en;
			hasScannedForEncodings = 0;
			knownRegions = (
				en,
				Base,
			);
			mainGroup = 99D145751FA9B51C007B17A3;
			productRefGroup = 99D1457F1FA9B51C007B17A3 /* Products */;
			projectDirPath = "";
			projectRoot = "";
			targets = (
				99D1457D1FA9B51C007B17A3 /* GifDemo */,
			);
		};
/* End PBXProject section */

/* Begin PBXResourcesBuildPhase section */
		99D1457C1FA9B51C007B17A3 /* Resources */ = {
			isa = PBXResourcesBuildPhase;
			buildActionMask = 2147483647;
			files = (
				99D1458C1FA9B51C007B17A3 /* LaunchScreen.storyboard in Resources */,
				99D145891FA9B51C007B17A3 /* Assets.xcassets in Resources */,
				99D145871FA9B51C007B17A3 /* Main.storyboard in Resources */,
			);
			runOnlyForDeploymentPostprocessing = 0;
		};
/* End PBXResourcesBuildPhase section */

/* Begin PBXSourcesBuildPhase section */
		99D1457A1FA9B51C007B17A3 /* Sources */ = {
			isa = PBXSourcesBuildPhase;
			buildActionMask = 2147483647;
			files = (
				99D145841FA9B51C007B17A3 /* ViewController.swift in Sources */,
				99D145821FA9B51C007B17A3 /* AppDelegate.swift in Sources */,
			);
			runOnlyForDeploymentPostprocessing = 0;
		};
/* End PBXSourcesBuildPhase section */

/* Begin PBXVariantGroup section */
		99D145851FA9B51C007B17A3 /* Main.storyboard */ = {
			isa = PBXVariantGroup;
			children = (
				99D145861FA9B51C007B17A3 /* Base */,
			);
			name = Main.storyboard;
			sourceTree = "<group>";
		};
		99D1458A1FA9B51C007B17A3 /* LaunchScreen.storyboard */ = {
			isa = PBXVariantGroup;
			children = (
				99D1458B1FA9B51C007B17A3 /* Base */,
			);
			name = LaunchScreen.storyboard;
			sourceTree = "<group>";
		};
/* End PBXVariantGroup section */

/* Begin XCBuildConfiguration section */
		99D1458E1FA9B51C007B17A3 /* Debug */ = {
			isa = XCBuildConfiguration;
			buildSettings = {
				ALWAYS_SEARCH_USER_PATHS = NO;
				CLANG_ANALYZER_NONNULL = YES;
				CLANG_ANALYZER_NUMBER_OBJECT_CONVERSION = YES_AGGRESSIVE;
				CLANG_CXX_LANGUAGE_STANDARD = "gnu++14";
				CLANG_CXX_LIBRARY = "libc++";
				CLANG_ENABLE_MODULES = YES;
				CLANG_ENABLE_OBJC_ARC = YES;
				CLANG_WARN_BLOCK_CAPTURE_AUTORELEASING = YES;
				CLANG_WARN_BOOL_CONVERSION = YES;
				CLANG_WARN_COMMA = YES;
				CLANG_WARN_CONSTANT_CONVERSION = YES;
				CLANG_WARN_DIRECT_OBJC_ISA_USAGE = YES_ERROR;
				CLANG_WARN_DOCUMENTATION_COMMENTS = YES;
				CLANG_WARN_EMPTY_BODY = YES;
				CLANG_WARN_ENUM_CONVERSION = YES;
				CLANG_WARN_INFINITE_RECURSION = YES;
				CLANG_WARN_INT_CONVERSION = YES;
				CLANG_WARN_NON_LITERAL_NULL_CONVERSION = YES;
				CLANG_WARN_OBJC_LITERAL_CONVERSION = YES;
				CLANG_WARN_OBJC_ROOT_CLASS = YES_ERROR;
				CLANG_WARN_RANGE_LOOP_ANALYSIS = YES;
				CLANG_WARN_STRICT_PROTOTYPES = YES;
				CLANG_WARN_SUSPICIOUS_MOVE = YES;
				CLANG_WARN_UNGUARDED_AVAILABILITY = YES_AGGRESSIVE;
				CLANG_WARN_UNREACHABLE_CODE = YES;
				CLANG_WARN__DUPLICATE_METHOD_MATCH = YES;
				CODE_SIGN_IDENTITY = "iPhone Developer";
				COPY_PHASE_STRIP = NO;
				DEBUG_INFORMATION_FORMAT = dwarf;
				ENABLE_STRICT_OBJC_MSGSEND = YES;
				ENABLE_TESTABILITY = YES;
				GCC_C_LANGUAGE_STANDARD = gnu11;
				GCC_DYNAMIC_NO_PIC = NO;
				GCC_NO_COMMON_BLOCKS = YES;
				GCC_OPTIMIZATION_LEVEL = 0;
				GCC_PREPROCESSOR_DEFINITIONS = (
					"DEBUG=1",
					"$(inherited)",
				);
				GCC_WARN_64_TO_32_BIT_CONVERSION = YES;
				GCC_WARN_ABOUT_RETURN_TYPE = YES_ERROR;
				GCC_WARN_UNDECLARED_SELECTOR = YES;
				GCC_WARN_UNINITIALIZED_AUTOS = YES_AGGRESSIVE;
				GCC_WARN_UNUSED_FUNCTION = YES;
				GCC_WARN_UNUSED_VARIABLE = YES;
				IPHONEOS_DEPLOYMENT_TARGET = 11.0;
				MTL_ENABLE_DEBUG_INFO = YES;
				ONLY_ACTIVE_ARCH = YES;
				SDKROOT = iphoneos;
				SWIFT_ACTIVE_COMPILATION_CONDITIONS = DEBUG;
				SWIFT_OPTIMIZATION_LEVEL = "-Onone";
			};
			name = Debug;
		};
		99D1458F1FA9B51C007B17A3 /* Release */ = {
			isa = XCBuildConfiguration;
			buildSettings = {
				ALWAYS_SEARCH_USER_PATHS = NO;
				CLANG_ANALYZER_NONNULL = YES;
				CLANG_ANALYZER_NUMBER_OBJECT_CONVERSION = YES_AGGRESSIVE;
				CLANG_CXX_LANGUAGE_STANDARD = "gnu++14";
				CLANG_CXX_LIBRARY = "libc++";
				CLANG_ENABLE_MODULES = YES;
				CLANG_ENABLE_OBJC_ARC = YES;
				CLANG_WARN_BLOCK_CAPTURE_AUTORELEASING = YES;
				CLANG_WARN_BOOL_CONVERSION = YES;
				CLANG_WARN_COMMA = YES;
				CLANG_WARN_CONSTANT_CONVERSION = YES;
				CLANG_WARN_DIRECT_OBJC_ISA_USAGE = YES_ERROR;
				CLANG_WARN_DOCUMENTATION_COMMENTS = YES;
				CLANG_WARN_EMPTY_BODY = YES;
				CLANG_WARN_ENUM_CONVERSION = YES;
				CLANG_WARN_INFINITE_RECURSION = YES;
				CLANG_WARN_INT_CONVERSION = YES;
				CLANG_WARN_NON_LITERAL_NULL_CONVERSION = YES;
				CLANG_WARN_OBJC_LITERAL_CONVERSION = YES;
				CLANG_WARN_OBJC_ROOT_CLASS = YES_ERROR;
				CLANG_WARN_RANGE_LOOP_ANALYSIS = YES;
				CLANG_WARN_STRICT_PROTOTYPES = YES;
				CLANG_WARN_SUSPICIOUS_MOVE = YES;
				CLANG_WARN_UNGUARDED_AVAILABILITY = YES_AGGRESSIVE;
				CLANG_WARN_UNREACHABLE_CODE = YES;
				CLANG_WARN__DUPLICATE_METHOD_MATCH = YES;
				CODE_SIGN_IDENTITY = "iPhone Developer";
				COPY_PHASE_STRIP = NO;
				DEBUG_INFORMATION_FORMAT = "dwarf-with-dsym";
				ENABLE_NS_ASSERTIONS = NO;
				ENABLE_STRICT_OBJC_MSGSEND = YES;
				GCC_C_LANGUAGE_STANDARD = gnu11;
				GCC_NO_COMMON_BLOCKS = YES;
				GCC_WARN_64_TO_32_BIT_CONVERSION = YES;
				GCC_WARN_ABOUT_RETURN_TYPE = YES_ERROR;
				GCC_WARN_UNDECLARED_SELECTOR = YES;
				GCC_WARN_UNINITIALIZED_AUTOS = YES_AGGRESSIVE;
				GCC_WARN_UNUSED_FUNCTION = YES;
				GCC_WARN_UNUSED_VARIABLE = YES;
				IPHONEOS_DEPLOYMENT_TARGET = 11.0;
				MTL_ENABLE_DEBUG_INFO = NO;
				SDKROOT = iphoneos;
				SWIFT_OPTIMIZATION_LEVEL = "-Owholemodule";
				VALIDATE_PRODUCT = YES;
			};
			name = Release;
		};
		99D145911FA9B51C007B17A3 /* Debug */ = {
			isa = XCBuildConfiguration;
			buildSettings = {
				ASSETCATALOG_COMPILER_APPICON_NAME = AppIcon;
				CODE_SIGN_STYLE = Automatic;
				DEVELOPMENT_TEAM = 8Y32T66G3J;
				INFOPLIST_FILE = GifDemo/Info.plist;
				IPHONEOS_DEPLOYMENT_TARGET = 9.0;
				LD_RUNPATH_SEARCH_PATHS = "$(inherited) @executable_path/Frameworks";
				PRODUCT_BUNDLE_IDENTIFIER = com.dream.GifDemo;
				PRODUCT_NAME = "$(TARGET_NAME)";
				SWIFT_VERSION = 4.0;
				TARGETED_DEVICE_FAMILY = "1,2";
			};
			name = Debug;
		};
		99D145921FA9B51C007B17A3 /* Release */ = {
			isa = XCBuildConfiguration;
			buildSettings = {
				ASSETCATALOG_COMPILER_APPICON_NAME = AppIcon;
				CODE_SIGN_STYLE = Automatic;
				DEVELOPMENT_TEAM = 8Y32T66G3J;
				INFOPLIST_FILE = GifDemo/Info.plist;
				IPHONEOS_DEPLOYMENT_TARGET = 9.0;
				LD_RUNPATH_SEARCH_PATHS = "$(inherited) @executable_path/Frameworks";
				PRODUCT_BUNDLE_IDENTIFIER = com.dream.GifDemo;
				PRODUCT_NAME = "$(TARGET_NAME)";
				SWIFT_VERSION = 4.0;
				TARGETED_DEVICE_FAMILY = "1,2";
			};
			name = Release;
		};
/* End XCBuildConfiguration section */

/* Begin XCConfigurationList section */
		99D145791FA9B51C007B17A3 /* Build configuration list for PBXProject "GifDemo" */ = {
			isa = XCConfigurationList;
			buildConfigurations = (
				99D1458E1FA9B51C007B17A3 /* Debug */,
				99D1458F1FA9B51C007B17A3 /* Release */,
			);
			defaultConfigurationIsVisible = 0;
			defaultConfigurationName = Release;
		};
		99D145901FA9B51C007B17A3 /* Build configuration list for PBXNativeTarget "GifDemo" */ = {
			isa = XCConfigurationList;
			buildConfigurations = (
				99D145911FA9B51C007B17A3 /* Debug */,
				99D145921FA9B51C007B17A3 /* Release */,
			);
			defaultConfigurationIsVisible = 0;
			defaultConfigurationName = Release;
		};
/* End XCConfigurationList section */
	};
	rootObject = 99D145761FA9B51C007B17A3 /* Project object */;
}
